
Microsoft Visual Studio Solution File, Format Version 12.00
# Visual Studio Version 16
VisualStudioVersion = 16.0.31005.135
MinimumVisualStudioVersion = 10.0.40219.1
Project("{8BC9CEB8-8B4A-11D0-8D11-00A0C91BC942}") = "ReverseFunction", "ReverseFunction\ReverseFunction.vcxproj", "{8438B77D-7780-4582-8A44-7CEADD5FA7E8}"
EndProject
Global
	GlobalSection(SolutionConfigurationPlatforms) = preSolution
		Debug|x64 = Debug|x64
		Debug|x86 = Debug|x86
		Release|x64 = Release|x64
		Release|x86 = Release|x86
	EndGlobalSection
	GlobalSection(ProjectConfigurationPlatforms) = postSolution
		{8438B77D-7780-4582-8A44-7CEADD5FA7E8}.Debug|x64.ActiveCfg = Debug|x64
		{8438B77D-7780-4582-8A44-7CEADD5FA7E8}.Debug|x64.Build.0 = Debug|x64
		{8438B77D-7780-4582-8A44-7CEADD5FA7E8}.Debug|x86.ActiveCfg = Debug|Win32
		{8438B77D-7780-4582-8A44-7CEADD5FA7E8}.Debug|x86.Build.0 = Debug|Win32
		{8438B77D-7780-4582-8A44-7CEADD5FA7E8}.Release|x64.ActiveCfg = Release|x64
		{8438B77D-7780-4582-8A44-7CEADD5FA7E8}.Release|x64.Build.0 = Release|x64
		{8438B77D-7780-4582-8A44-7CEADD5FA7E8}.Release|x86.ActiveCfg = Release|Win32
		{8438B77D-7780-4582-8A44-7CEADD5FA7E8}.Release|x86.Build.0 = Release|Win32
	EndGlobalSection
	GlobalSection(SolutionProperties) = preSolution
		HideSolutionNode = FALSE
	EndGlobalSection
	GlobalSection(ExtensibilityGlobals) = postSolution
		SolutionGuid = {35AE2C2E-35F0-4357-847A-D0B4740E329A}
	EndGlobalSection
EndGlobal
